<?xml version="1.0" encoding="utf-8"?>
<Project ToolsVersion="4.0" xmlns="http://schemas.microsoft.com/developer/msbuild/2003">
  <ItemGroup>
    <Filter Include="Source Files">
      <UniqueIdentifier>{4FC737F1-C7A5-4376-A066-2A32D752A2FF}</UniqueIdentifier>
      <Extensions>cpp;c;cc;cxx;c++;cppm;ixx;def;odl;idl;hpj;bat;asm;asmx</Extensions>
    </Filter>
    <Filter Include="Header Files">
      <UniqueIdentifier>{93995380-89BD-4b04-88EB-625FBE52EBFB}</UniqueIdentifier>
      <Extensions>h;hh;hpp;hxx;h++;hm;inl;inc;ipp;xsd</Extensions>
    </Filter>
    <Filter Include="Resource Files">
      <UniqueIdentifier>{67DA6AB6-F800-4c08-8B7A-83BB121AAD01}</UniqueIdentifier>
      <Extensions>rc;ico;cur;bmp;dlg;rc2;rct;bin;rgs;gif;jpg;jpeg;jpe;resx;tiff;tif;png;wav;mfcribbon-ms</Extensions>
    </Filter>
  </ItemGroup>
  <ItemGroup>
    <ClCompile Include="src\collision.cpp">
      <Filter>Source Files</Filter>
    </ClCompile>
    <ClCompile Include="src\main.cpp">
      <Filter>Source Files</Filter>
    </ClCompile>
    <ClCompile Include="src\map.cpp">
      <Filter>Source Files</Filter>
    </ClCompile>
    <ClCompile Include="src\timer.cpp">
      <Filter>Source Files</Filter>
    </ClCompile>
    <ClCompile Include="src\pathfinder.cpp">
      <Filter>Source Files</Filter>
    </ClCompile>
    <ClCompile Include="src\game.cpp">
      <Filter>Source Files</Filter>
    </ClCompile>
    <ClCompile Include="src\texture.cpp">
      <Filter>Source Files</Filter>
    </ClCompile>
    <ClCompile Include="src\components\mechanical_component.cpp">
      <Filter>Source Files</Filter>
    </ClCompile>
    <ClCompile Include="src\components\behavior_component.cpp">
      <Filter>Source Files</Filter>
    </ClCompile>
    <ClCompile Include="src\components\texture_component.cpp">
      <Filter>Source Files</Filter>
    </ClCompile>
    <ClCompile Include="src\components\key_press_accel_component.cpp">
      <Filter>Source Files</Filter>
    </ClCompile>
    <ClCompile Include="src\components\camera_component.cpp">
      <Filter>Source Files</Filter>
    </ClCompile>
    <ClCompile Include="src\components\map_collision_component.cpp">
      <Filter>Source Files</Filter>
    </ClCompile>
    <ClCompile Include="src\vec.cpp">
      <Filter>Source Files</Filter>
    </ClCompile>
    <ClCompile Include="src\polygon.cpp">
      <Filter>Source Files</Filter>
    </ClCompile>
  </ItemGroup>
  <ItemGroup>
    <ClInclude Include="header\collision.h">
      <Filter>Header Files</Filter>
    </ClInclude>
    <ClInclude Include="header\map.h">
      <Filter>Header Files</Filter>
    </ClInclude>
    <ClInclude Include="header\screen_size.h">
      <Filter>Header Files</Filter>
    </ClInclude>
    <ClInclude Include="header\util.h">
      <Filter>Header Files</Filter>
    </ClInclude>
    <ClInclude Include="header\timer.h">
      <Filter>Header Files</Filter>
    </ClInclude>
    <ClInclude Include="header\pathfinder.h">
      <Filter>Header Files</Filter>
    </ClInclude>
    <ClInclude Include="header\game.h">
      <Filter>Header Files</Filter>
    </ClInclude>
    <ClInclude Include="header\texture.h">
      <Filter>Header Files</Filter>
    </ClInclude>
    <ClInclude Include="header\components\component.h">
      <Filter>Header Files</Filter>
    </ClInclude>
    <ClInclude Include="header\components\mechanical_component.h">
      <Filter>Header Files</Filter>
    </ClInclude>
    <ClInclude Include="header\entity.h">
      <Filter>Header Files</Filter>
    </ClInclude>
    <ClInclude Include="header\components\behavior_component.h">
      <Filter>Header Files</Filter>
    </ClInclude>
    <ClInclude Include="header\components\texture_component.h">
      <Filter>Header Files</Filter>
    </ClInclude>
    <ClInclude Include="header\components\key_press_accel_component.h">
      <Filter>Header Files</Filter>
    </ClInclude>
    <ClInclude Include="header\components\camera_component.h">
      <Filter>Header Files</Filter>
    </ClInclude>
    <ClInclude Include="header\components\map_collision_component.h">
      <Filter>Header Files</Filter>
    </ClInclude>
    <ClInclude Include="header\vec.h">
      <Filter>Header Files</Filter>
    </ClInclude>
    <ClInclude Include="header\polygon.h">
      <Filter>Header Files</Filter>
    </ClInclude>
  </ItemGroup>
  <ItemGroup>
    <Text Include="notes.txt" />
  </ItemGroup>
</Project>